{
	"name": "greet-mbsatimov",
	"version": "1.0.2",
	"lockfileVersion": 3,
	"requires": true,
	"packages": {
		"": {
			"name": "greet-mbsatimov",
			"version": "1.0.2",
			"license": "ISC",
			"dependencies": {
				"greet-mbsatimov": "^1.0.2",
				"upper-case": "^3.0.0"
			}
		},
		"node_modules/greet-mbsatimov": {
			"version": "1.0.2",
			"resolved": "https://registry.npmjs.org/greet-mbsatimov/-/greet-mbsatimov-1.0.2.tgz",
			"integrity": "sha512-GD2KHaAC4G9X7yC3SEp+Vo8hNk1J0tYOsC22xJi1AJq1NHQxQkzmglVkmIXI7jLVPIc78TpY9KVF9aLL+4vXwg==",
			"dependencies": {
				"upper-case": "^3.0.0"
			}
		},
		"node_modules/upper-case": {
			"version": "3.0.0",
			"resolved": "https://registry.npmjs.org/upper-case/-/upper-case-3.0.0.tgz",
			"integrity": "sha512-q6ZAk+RaBO94GGFpdM6GJ2pOXx6Ky/BK9xluGUqMYvY6qZjFN7RPbzqcd+OBru8tRFlcLcS40AIrIq48VhcTIA==",
			"deprecated": "Use `str.toLocaleUpperCase` or `str.toUpperCase`"
		}
	}
}
